PODS:
  - IQKeyboardManagerSwift (6.3.0)
  - SVPinView (1.0.11)

DEPENDENCIES:
  - IQKeyboardManagerSwift (= 6.3.0)
  - SVPinView (~> 1.0)

SPEC REPOS:
  trunk:
    - IQKeyboardManagerSwift
    - SVPinView

SPEC CHECKSUMS:
  IQKeyboardManagerSwift: a8228c257614af98743b4cd8584637025f36358f
  SVPinView: 9b538d0ba68cdb092afe4f0f67ec84cbed079466

PODFILE CHECKSUM: a5f9c8a6869f67b50537d043bfd0196ea7d4c3b1

COCOAPODS: 1.10.1
